
Microsoft Visual Studio Solution File, Format Version 12.00
# Visual Studio Version 16
VisualStudioVersion = 16.0.31727.386
MinimumVisualStudioVersion = 10.0.40219.1
Project("{FAE04EC0-301F-11D3-BF4B-00C04F79EFBC}") = "FunMixerBot", "FunMixerBot\FunMixerBot.csproj", "{69F34B39-05F9-499A-B835-DAC1999C4D4C}"
EndProject
Global
	GlobalSection(SolutionConfigurationPlatforms) = preSolution
		Debug|Any CPU = Debug|Any CPU
		Release|Any CPU = Release|Any CPU
	EndGlobalSection
	GlobalSection(ProjectConfigurationPlatforms) = postSolution
		{69F34B39-05F9-499A-B835-DAC1999C4D4C}.Debug|Any CPU.ActiveCfg = Debug|Any CPU
		{69F34B39-05F9-499A-B835-DAC1999C4D4C}.Debug|Any CPU.Build.0 = Debug|Any CPU
		{69F34B39-05F9-499A-B835-DAC1999C4D4C}.Release|Any CPU.ActiveCfg = Release|Any CPU
		{69F34B39-05F9-499A-B835-DAC1999C4D4C}.Release|Any CPU.Build.0 = Release|Any CPU
	EndGlobalSection
	GlobalSection(SolutionProperties) = preSolution
		HideSolutionNode = FALSE
	EndGlobalSection
	GlobalSection(ExtensibilityGlobals) = postSolution
		SolutionGuid = {FA06B29C-2480-4BFE-AE3F-310477761CAA}
	EndGlobalSection
EndGlobal
